{
  "version": 4,
  "terraform_version": "1.3.3",
  "serial": 627,
  "lineage": "8c09a331-20ca-7628-968c-8fe8a271ac95",
  "outputs": {
    "db_password": {
      "value": "123?password!",
      "type": "string",
      "sensitive": true
    },
    "db_username": {
      "value": "eductive26",
      "type": "string"
    }
  },
  "resources": [
    {
      "mode": "managed",
      "type": "local_file",
      "name": "inventory",
      "provider": "provider[\"registry.terraform.io/hashicorp/local\"]",
      "instances": [
        {
          "schema_version": 0,
          "attributes": {
            "content": "---\nfront:\n  hosts:\n    141.94.169.126:\n      ansible_user: debian\n      ansible_become: True\nbackends:\n  hosts:\n    57.128.71.96:\n      ansible_user: debian\n      ansible_become: True\n    57.128.41.13:\n      ansible_user: debian\n      ansible_become: True\n    51.68.81.112:\n      ansible_user: debian\n      ansible_become: True\n    57.128.19.74:\n      ansible_user: debian\n      ansible_become: True\n    57.128.19.41:\n      ansible_user: debian\n      ansible_become: True\n    57.128.18.243:\n      ansible_user: debian\n      ansible_become: True\n  vars:\n    db_name: wordpress_data\n    db_hostname: mysql-b9eb2a17-o5d5bb6d4.database.cloud.ovh.net:20184\n    db_username: eductive26\n    db_password: AVNS_0CxTVIif0aMUWpe7aif\n",
            "content_base64": null,
            "directory_permission": "0777",
            "file_permission": "0777",
            "filename": "../ansible/inventory.yml",
            "id": "e9aab553e51a47eb25bd513f701caf16dfbbb819",
            "sensitive_content": null,
            "source": null
          },
          "sensitive_attributes": [
            [
              {
                "type": "get_attr",
                "value": "content"
              }
            ]
          ],
          "dependencies": [
            "openstack_compute_instance_v2.instance_backend_gra",
            "openstack_compute_instance_v2.instance_backend_sbg",
            "openstack_compute_instance_v2.instance_frontend",
            "openstack_compute_keypair_v2.keypair_gra",
            "openstack_compute_keypair_v2.keypair_sbg",
            "ovh_cloud_project_database.db_eductive26",
            "ovh_cloud_project_database_database.database",
            "ovh_cloud_project_database_user.eductive26",
            "ovh_cloud_project_network_private.private_net",
            "ovh_cloud_project_network_private_subnet.subnet_gra",
            "ovh_cloud_project_network_private_subnet.subnet_sbg"
          ]
        }
      ]
    },
    {
      "mode": "managed",
      "type": "openstack_compute_instance_v2",
      "name": "instance_backend_gra",
      "provider": "provider[\"registry.terraform.io/terraform-provider-openstack/openstack\"].ovh",
      "instances": [
        {
          "index_key": 0,
          "schema_version": 0,
          "attributes": {
            "access_ip_v4": "57.128.19.74",
            "access_ip_v6": "[2001:41d0:304:300::34eb]",
            "admin_pass": null,
            "all_metadata": {},
            "all_tags": [],
            "availability_zone": "nova",
            "availability_zone_hints": null,
            "block_device": [],
            "config_drive": null,
            "flavor_id": "fa05492b-f252-4287-bf26-8bfa62933c6a",
            "flavor_name": "s1-2",
            "floating_ip": null,
            "force_delete": false,
            "id": "36e0fb6b-91e9-47f6-b730-103b5261e975",
            "image_id": "a32aaf69-72d8-4b98-9e6a-67929fa1b9cb",
            "image_name": "Debian 11",
            "key_pair": "sshkey_eductive26_gra",
            "metadata": null,
            "name": "backend_eductive26_GRA11_1",
            "network": [
              {
                "access_network": false,
                "fixed_ip_v4": "57.128.19.74",
                "fixed_ip_v6": "[2001:41d0:304:300::34eb]",
                "floating_ip": "",
                "mac": "fa:16:3e:6c:24:4a",
                "name": "Ext-Net",
                "port": "",
                "uuid": "bcf59eb2-9d83-41cc-b4f5-0435ed594833"
              },
              {
                "access_network": false,
                "fixed_ip_v4": "192.168.26.1",
                "fixed_ip_v6": "",
                "floating_ip": "",
                "mac": "fa:16:3e:92:a9:5a",
                "name": "private_network_eductive26",
                "port": "",
                "uuid": "64b8f83d-0d5b-431a-9e97-c519da23a64f"
              }
            ],
            "network_mode": null,
            "personality": [],
            "power_state": "active",
            "region": "GRA11",
            "scheduler_hints": [],
            "security_groups": [
              "default"
            ],
            "stop_before_destroy": false,
            "tags": null,
            "timeouts": null,
            "user_data": null,
            "vendor_options": [],
            "volume": []
          },
          "sensitive_attributes": [],
          "private": "eyJlMmJmYjczMC1lY2FhLTExZTYtOGY4OC0zNDM2M2JjN2M0YzAiOnsiY3JlYXRlIjoxODAwMDAwMDAwMDAwLCJkZWxldGUiOjE4MDAwMDAwMDAwMDAsInVwZGF0ZSI6MTgwMDAwMDAwMDAwMH19",
          "dependencies": [
            "openstack_compute_keypair_v2.keypair_gra",
            "ovh_cloud_project_network_private.private_net",
            "ovh_cloud_project_network_private_subnet.subnet_gra"
          ]
        },
        {
          "index_key": 1,
          "schema_version": 0,
          "attributes": {
            "access_ip_v4": "57.128.19.41",
            "access_ip_v6": "[2001:41d0:304:300::3034]",
            "admin_pass": null,
            "all_metadata": {},
            "all_tags": [],
            "availability_zone": "nova",
            "availability_zone_hints": null,
            "block_device": [],
            "config_drive": null,
            "flavor_id": "fa05492b-f252-4287-bf26-8bfa62933c6a",
            "flavor_name": "s1-2",
            "floating_ip": null,
            "force_delete": false,
            "id": "5ca32abb-1328-437c-93bc-f6410b311b6b",
            "image_id": "a32aaf69-72d8-4b98-9e6a-67929fa1b9cb",
            "image_name": "Debian 11",
            "key_pair": "sshkey_eductive26_gra",
            "metadata": null,
            "name": "backend_eductive26_GRA11_2",
            "network": [
              {
                "access_network": false,
                "fixed_ip_v4": "57.128.19.41",
                "fixed_ip_v6": "[2001:41d0:304:300::3034]",
                "floating_ip": "",
                "mac": "fa:16:3e:d1:13:1b",
                "name": "Ext-Net",
                "port": "",
                "uuid": "bcf59eb2-9d83-41cc-b4f5-0435ed594833"
              },
              {
                "access_network": false,
                "fixed_ip_v4": "192.168.26.2",
                "fixed_ip_v6": "",
                "floating_ip": "",
                "mac": "fa:16:3e:6d:ed:9d",
                "name": "private_network_eductive26",
                "port": "",
                "uuid": "64b8f83d-0d5b-431a-9e97-c519da23a64f"
              }
            ],
            "network_mode": null,
            "personality": [],
            "power_state": "active",
            "region": "GRA11",
            "scheduler_hints": [],
            "security_groups": [
              "default"
            ],
            "stop_before_destroy": false,
            "tags": null,
            "timeouts": null,
            "user_data": null,
            "vendor_options": [],
            "volume": []
          },
          "sensitive_attributes": [],
          "private": "eyJlMmJmYjczMC1lY2FhLTExZTYtOGY4OC0zNDM2M2JjN2M0YzAiOnsiY3JlYXRlIjoxODAwMDAwMDAwMDAwLCJkZWxldGUiOjE4MDAwMDAwMDAwMDAsInVwZGF0ZSI6MTgwMDAwMDAwMDAwMH19",
          "dependencies": [
            "openstack_compute_keypair_v2.keypair_gra",
            "ovh_cloud_project_network_private.private_net",
            "ovh_cloud_project_network_private_subnet.subnet_gra"
          ]
        },
        {
          "index_key": 2,
          "schema_version": 0,
          "attributes": {
            "access_ip_v4": "57.128.18.243",
            "access_ip_v6": "[2001:41d0:304:300::2a6e]",
            "admin_pass": null,
            "all_metadata": {},
            "all_tags": [],
            "availability_zone": "nova",
            "availability_zone_hints": null,
            "block_device": [],
            "config_drive": null,
            "flavor_id": "fa05492b-f252-4287-bf26-8bfa62933c6a",
            "flavor_name": "s1-2",
            "floating_ip": null,
            "force_delete": false,
            "id": "5b68598c-7f78-48f6-8d58-04f88bc99f00",
            "image_id": "a32aaf69-72d8-4b98-9e6a-67929fa1b9cb",
            "image_name": "Debian 11",
            "key_pair": "sshkey_eductive26_gra",
            "metadata": null,
            "name": "backend_eductive26_GRA11_3",
            "network": [
              {
                "access_network": false,
                "fixed_ip_v4": "57.128.18.243",
                "fixed_ip_v6": "[2001:41d0:304:300::2a6e]",
                "floating_ip": "",
                "mac": "fa:16:3e:a7:dd:58",
                "name": "Ext-Net",
                "port": "",
                "uuid": "bcf59eb2-9d83-41cc-b4f5-0435ed594833"
              },
              {
                "access_network": false,
                "fixed_ip_v4": "192.168.26.3",
                "fixed_ip_v6": "",
                "floating_ip": "",
                "mac": "fa:16:3e:c7:19:26",
                "name": "private_network_eductive26",
                "port": "",
                "uuid": "64b8f83d-0d5b-431a-9e97-c519da23a64f"
              }
            ],
            "network_mode": null,
            "personality": [],
            "power_state": "active",
            "region": "GRA11",
            "scheduler_hints": [],
            "security_groups": [
              "default"
            ],
            "stop_before_destroy": false,
            "tags": null,
            "timeouts": null,
            "user_data": null,
            "vendor_options": [],
            "volume": []
          },
          "sensitive_attributes": [],
          "private": "eyJlMmJmYjczMC1lY2FhLTExZTYtOGY4OC0zNDM2M2JjN2M0YzAiOnsiY3JlYXRlIjoxODAwMDAwMDAwMDAwLCJkZWxldGUiOjE4MDAwMDAwMDAwMDAsInVwZGF0ZSI6MTgwMDAwMDAwMDAwMH19",
          "dependencies": [
            "openstack_compute_keypair_v2.keypair_gra",
            "ovh_cloud_project_network_private.private_net",
            "ovh_cloud_project_network_private_subnet.subnet_gra"
          ]
        }
      ]
    },
    {
      "mode": "managed",
      "type": "openstack_compute_instance_v2",
      "name": "instance_backend_sbg",
      "provider": "provider[\"registry.terraform.io/terraform-provider-openstack/openstack\"].ovh",
      "instances": [
        {
          "index_key": 0,
          "schema_version": 0,
          "attributes": {
            "access_ip_v4": "57.128.71.96",
            "access_ip_v6": "[2001:41d0:404:100::2388]",
            "admin_pass": null,
            "all_metadata": {},
            "all_tags": [],
            "availability_zone": "nova",
            "availability_zone_hints": null,
            "block_device": [],
            "config_drive": null,
            "flavor_id": "ce07016c-95df-4085-bb5a-565caffc2063",
            "flavor_name": "s1-2",
            "floating_ip": null,
            "force_delete": false,
            "id": "1898f171-29b1-4459-958f-0b8c6d945dc6",
            "image_id": "b6b0399c-b631-48ea-9b62-629579cf91f0",
            "image_name": "Debian 11",
            "key_pair": "sshkey_eductive26_sbg",
            "metadata": null,
            "name": "backend_eductive26_SBG5_1",
            "network": [
              {
                "access_network": false,
                "fixed_ip_v4": "57.128.71.96",
                "fixed_ip_v6": "[2001:41d0:404:100::2388]",
                "floating_ip": "",
                "mac": "fa:16:3e:c6:ec:ab",
                "name": "Ext-Net",
                "port": "",
                "uuid": "581fad02-158d-4dc6-81f0-c1ec2794bbec"
              },
              {
                "access_network": false,
                "fixed_ip_v4": "192.168.26.10",
                "fixed_ip_v6": "",
                "floating_ip": "",
                "mac": "fa:16:3e:de:78:89",
                "name": "private_network_eductive26",
                "port": "",
                "uuid": "37898f6b-9ce5-426b-b3ba-27d33a76ceff"
              }
            ],
            "network_mode": null,
            "personality": [],
            "power_state": "active",
            "region": "SBG5",
            "scheduler_hints": [],
            "security_groups": [
              "default"
            ],
            "stop_before_destroy": false,
            "tags": null,
            "timeouts": null,
            "user_data": null,
            "vendor_options": [],
            "volume": []
          },
          "sensitive_attributes": [],
          "private": "eyJlMmJmYjczMC1lY2FhLTExZTYtOGY4OC0zNDM2M2JjN2M0YzAiOnsiY3JlYXRlIjoxODAwMDAwMDAwMDAwLCJkZWxldGUiOjE4MDAwMDAwMDAwMDAsInVwZGF0ZSI6MTgwMDAwMDAwMDAwMH19",
          "dependencies": [
            "openstack_compute_keypair_v2.keypair_sbg",
            "ovh_cloud_project_network_private.private_net",
            "ovh_cloud_project_network_private_subnet.subnet_sbg"
          ]
        },
        {
          "index_key": 1,
          "schema_version": 0,
          "attributes": {
            "access_ip_v4": "57.128.41.13",
            "access_ip_v6": "[2001:41d0:404:100::29c6]",
            "admin_pass": null,
            "all_metadata": {},
            "all_tags": [],
            "availability_zone": "nova",
            "availability_zone_hints": null,
            "block_device": [],
            "config_drive": null,
            "flavor_id": "ce07016c-95df-4085-bb5a-565caffc2063",
            "flavor_name": "s1-2",
            "floating_ip": null,
            "force_delete": false,
            "id": "e453a14c-2715-408b-aa62-bd643665b746",
            "image_id": "b6b0399c-b631-48ea-9b62-629579cf91f0",
            "image_name": "Debian 11",
            "key_pair": "sshkey_eductive26_sbg",
            "metadata": null,
            "name": "backend_eductive26_SBG5_2",
            "network": [
              {
                "access_network": false,
                "fixed_ip_v4": "57.128.41.13",
                "fixed_ip_v6": "[2001:41d0:404:100::29c6]",
                "floating_ip": "",
                "mac": "fa:16:3e:91:aa:a6",
                "name": "Ext-Net",
                "port": "",
                "uuid": "581fad02-158d-4dc6-81f0-c1ec2794bbec"
              },
              {
                "access_network": false,
                "fixed_ip_v4": "192.168.26.11",
                "fixed_ip_v6": "",
                "floating_ip": "",
                "mac": "fa:16:3e:a5:04:50",
                "name": "private_network_eductive26",
                "port": "",
                "uuid": "37898f6b-9ce5-426b-b3ba-27d33a76ceff"
              }
            ],
            "network_mode": null,
            "personality": [],
            "power_state": "active",
            "region": "SBG5",
            "scheduler_hints": [],
            "security_groups": [
              "default"
            ],
            "stop_before_destroy": false,
            "tags": null,
            "timeouts": null,
            "user_data": null,
            "vendor_options": [],
            "volume": []
          },
          "sensitive_attributes": [],
          "private": "eyJlMmJmYjczMC1lY2FhLTExZTYtOGY4OC0zNDM2M2JjN2M0YzAiOnsiY3JlYXRlIjoxODAwMDAwMDAwMDAwLCJkZWxldGUiOjE4MDAwMDAwMDAwMDAsInVwZGF0ZSI6MTgwMDAwMDAwMDAwMH19",
          "dependencies": [
            "openstack_compute_keypair_v2.keypair_sbg",
            "ovh_cloud_project_network_private.private_net",
            "ovh_cloud_project_network_private_subnet.subnet_sbg"
          ]
        },
        {
          "index_key": 2,
          "schema_version": 0,
          "attributes": {
            "access_ip_v4": "51.68.81.112",
            "access_ip_v6": "[2001:41d0:404:100::1577]",
            "admin_pass": null,
            "all_metadata": {},
            "all_tags": [],
            "availability_zone": "nova",
            "availability_zone_hints": null,
            "block_device": [],
            "config_drive": null,
            "flavor_id": "ce07016c-95df-4085-bb5a-565caffc2063",
            "flavor_name": "s1-2",
            "floating_ip": null,
            "force_delete": false,
            "id": "50a208e7-22e4-4f92-bb91-4769c338d0ac",
            "image_id": "b6b0399c-b631-48ea-9b62-629579cf91f0",
            "image_name": "Debian 11",
            "key_pair": "sshkey_eductive26_sbg",
            "metadata": null,
            "name": "backend_eductive26_SBG5_3",
            "network": [
              {
                "access_network": false,
                "fixed_ip_v4": "51.68.81.112",
                "fixed_ip_v6": "[2001:41d0:404:100::1577]",
                "floating_ip": "",
                "mac": "fa:16:3e:4d:b3:42",
                "name": "Ext-Net",
                "port": "",
                "uuid": "581fad02-158d-4dc6-81f0-c1ec2794bbec"
              },
              {
                "access_network": false,
                "fixed_ip_v4": "192.168.26.12",
                "fixed_ip_v6": "",
                "floating_ip": "",
                "mac": "fa:16:3e:3c:6e:6f",
                "name": "private_network_eductive26",
                "port": "",
                "uuid": "37898f6b-9ce5-426b-b3ba-27d33a76ceff"
              }
            ],
            "network_mode": null,
            "personality": [],
            "power_state": "active",
            "region": "SBG5",
            "scheduler_hints": [],
            "security_groups": [
              "default"
            ],
            "stop_before_destroy": false,
            "tags": null,
            "timeouts": null,
            "user_data": null,
            "vendor_options": [],
            "volume": []
          },
          "sensitive_attributes": [],
          "private": "eyJlMmJmYjczMC1lY2FhLTExZTYtOGY4OC0zNDM2M2JjN2M0YzAiOnsiY3JlYXRlIjoxODAwMDAwMDAwMDAwLCJkZWxldGUiOjE4MDAwMDAwMDAwMDAsInVwZGF0ZSI6MTgwMDAwMDAwMDAwMH19",
          "dependencies": [
            "openstack_compute_keypair_v2.keypair_sbg",
            "ovh_cloud_project_network_private.private_net",
            "ovh_cloud_project_network_private_subnet.subnet_sbg"
          ]
        }
      ]
    },
    {
      "mode": "managed",
      "type": "openstack_compute_instance_v2",
      "name": "instance_frontend",
      "provider": "provider[\"registry.terraform.io/terraform-provider-openstack/openstack\"].ovh",
      "instances": [
        {
          "schema_version": 0,
          "attributes": {
            "access_ip_v4": "141.94.169.126",
            "access_ip_v6": "[2001:41d0:304:300::5d0]",
            "admin_pass": null,
            "all_metadata": {},
            "all_tags": [],
            "availability_zone": "nova",
            "availability_zone_hints": null,
            "block_device": [],
            "config_drive": null,
            "flavor_id": "fa05492b-f252-4287-bf26-8bfa62933c6a",
            "flavor_name": "s1-2",
            "floating_ip": null,
            "force_delete": false,
            "id": "be01fb2c-3d7d-41a1-9e35-3f7c11ea74b3",
            "image_id": "a32aaf69-72d8-4b98-9e6a-67929fa1b9cb",
            "image_name": "Debian 11",
            "key_pair": "sshkey_eductive26_gra",
            "metadata": null,
            "name": "frontend_eductive26",
            "network": [
              {
                "access_network": false,
                "fixed_ip_v4": "141.94.169.126",
                "fixed_ip_v6": "[2001:41d0:304:300::5d0]",
                "floating_ip": "",
                "mac": "fa:16:3e:fc:66:c5",
                "name": "Ext-Net",
                "port": "",
                "uuid": "bcf59eb2-9d83-41cc-b4f5-0435ed594833"
              },
              {
                "access_network": false,
                "fixed_ip_v4": "192.168.26.254",
                "fixed_ip_v6": "",
                "floating_ip": "",
                "mac": "fa:16:3e:5b:a2:c4",
                "name": "private_network_eductive26",
                "port": "",
                "uuid": "64b8f83d-0d5b-431a-9e97-c519da23a64f"
              }
            ],
            "network_mode": null,
            "personality": [],
            "power_state": "active",
            "region": "GRA11",
            "scheduler_hints": [],
            "security_groups": [
              "default"
            ],
            "stop_before_destroy": false,
            "tags": null,
            "timeouts": null,
            "user_data": null,
            "vendor_options": [],
            "volume": []
          },
          "sensitive_attributes": [],
          "private": "eyJlMmJmYjczMC1lY2FhLTExZTYtOGY4OC0zNDM2M2JjN2M0YzAiOnsiY3JlYXRlIjoxODAwMDAwMDAwMDAwLCJkZWxldGUiOjE4MDAwMDAwMDAwMDAsInVwZGF0ZSI6MTgwMDAwMDAwMDAwMH19",
          "dependencies": [
            "openstack_compute_keypair_v2.keypair_gra",
            "ovh_cloud_project_network_private.private_net",
            "ovh_cloud_project_network_private_subnet.subnet_gra"
          ]
        }
      ]
    },
    {
      "mode": "managed",
      "type": "openstack_compute_keypair_v2",
      "name": "keypair_gra",
      "provider": "provider[\"registry.terraform.io/terraform-provider-openstack/openstack\"].ovh",
      "instances": [
        {
          "schema_version": 0,
          "attributes": {
            "fingerprint": "da:79:eb:41:95:a7:0b:cd:f2:b3:a0:5a:36:6f:a1:7b",
            "id": "sshkey_eductive26_gra",
            "name": "sshkey_eductive26_gra",
            "private_key": "",
            "public_key": "ssh-rsa AAAAB3NzaC1yc2EAAAADAQABAAACAQC2Z/waDekK/+ZDchVfHInQ2KTk9PAqcmDQRcoMkWCTFnmr9jqK4UYE5AUqi+wUsRTbHDWhEoKgYUsyO5/VKAsw6f/Lvf9TDVCAFekSQ2XTaOcjvIwnhtLsg2RLxfVN1Ua3Uwzve+hs9DbPGdY/Jv7Q9BiJaMYArQat9KsG/SJ6YI4tug/tFs+kFzsRigUBMMFCGLs/XKSNn5TNrXxFcoSNURvXHexgtAxVXlAZ+Xh0ZGt89sPbndJ9O6PDcvj0o9TiZt8GSnaJrICjH3+WCXfXayVBH2eswpqAchJmDLbgEacX7YjlrQ1/vdV8PcwYQZ0GE+c2A1QFQiCfPGqtqTUNR6X9kImIV47atFGKBPEmjMC6GuVZ+IUKDMViwFdgOyWYIlIfSlo5q6qFLDp65/s96VyLAEDSv5E22sh5ntz9x8DDpwwxtWuPM67LtjJ+/QBVzBulCRtWgnExgK00CJT6Vi/x7yRumjLSqDY45O/MQ9fFAQAhmmLVMVOmBMTg9QQGoJ36izkU/Ha4RqNFkpBf/KhazHvVX0mRAOTrR7fiaavuLsEVVK/7XYgpUhF+hVRPSigrgGMuQi8jyUmCt50lhfX2SDRH7t+RnCmSCN9ZOO1JUb1j1kIZS+etyzE0LFteJ4uaBs88wP5V87lnsOmwhU8/dn7MkU8sS1hNQ+fDGw== eductive26@master.thisistheway.ovh\n",
            "region": "GRA11",
            "value_specs": null
          },
          "sensitive_attributes": [],
          "private": "bnVsbA=="
        }
      ]
    },
    {
      "mode": "managed",
      "type": "openstack_compute_keypair_v2",
      "name": "keypair_sbg",
      "provider": "provider[\"registry.terraform.io/terraform-provider-openstack/openstack\"].ovh",
      "instances": [
        {
          "schema_version": 0,
          "attributes": {
            "fingerprint": "da:79:eb:41:95:a7:0b:cd:f2:b3:a0:5a:36:6f:a1:7b",
            "id": "sshkey_eductive26_sbg",
            "name": "sshkey_eductive26_sbg",
            "private_key": "",
            "public_key": "ssh-rsa AAAAB3NzaC1yc2EAAAADAQABAAACAQC2Z/waDekK/+ZDchVfHInQ2KTk9PAqcmDQRcoMkWCTFnmr9jqK4UYE5AUqi+wUsRTbHDWhEoKgYUsyO5/VKAsw6f/Lvf9TDVCAFekSQ2XTaOcjvIwnhtLsg2RLxfVN1Ua3Uwzve+hs9DbPGdY/Jv7Q9BiJaMYArQat9KsG/SJ6YI4tug/tFs+kFzsRigUBMMFCGLs/XKSNn5TNrXxFcoSNURvXHexgtAxVXlAZ+Xh0ZGt89sPbndJ9O6PDcvj0o9TiZt8GSnaJrICjH3+WCXfXayVBH2eswpqAchJmDLbgEacX7YjlrQ1/vdV8PcwYQZ0GE+c2A1QFQiCfPGqtqTUNR6X9kImIV47atFGKBPEmjMC6GuVZ+IUKDMViwFdgOyWYIlIfSlo5q6qFLDp65/s96VyLAEDSv5E22sh5ntz9x8DDpwwxtWuPM67LtjJ+/QBVzBulCRtWgnExgK00CJT6Vi/x7yRumjLSqDY45O/MQ9fFAQAhmmLVMVOmBMTg9QQGoJ36izkU/Ha4RqNFkpBf/KhazHvVX0mRAOTrR7fiaavuLsEVVK/7XYgpUhF+hVRPSigrgGMuQi8jyUmCt50lhfX2SDRH7t+RnCmSCN9ZOO1JUb1j1kIZS+etyzE0LFteJ4uaBs88wP5V87lnsOmwhU8/dn7MkU8sS1hNQ+fDGw== eductive26@master.thisistheway.ovh\n",
            "region": "SBG5",
            "value_specs": null
          },
          "sensitive_attributes": [],
          "private": "bnVsbA=="
        }
      ]
    },
    {
      "mode": "managed",
      "type": "ovh_cloud_project_database",
      "name": "db_eductive26",
      "provider": "provider[\"registry.terraform.io/ovh/ovh\"]",
      "instances": [
        {
          "schema_version": 0,
          "attributes": {
            "backup_time": "09:28:00",
            "created_at": "2023-01-12T20:25:08.263792+01:00",
            "description": "",
            "disk_size": 80,
            "disk_type": "high-speed",
            "endpoints": [
              {
                "component": "mysql",
                "domain": "mysql-b9eb2a17-o5d5bb6d4.database.cloud.ovh.net",
                "path": "",
                "port": 20184,
                "scheme": "mysql",
                "ssl": true,
                "ssl_mode": "REQUIRED",
                "uri": "mysql://\u003cusername\u003e:\u003cpassword\u003e@mysql-b9eb2a17-o5d5bb6d4.database.cloud.ovh.net:20184/defaultdb?ssl-mode=REQUIRED"
              }
            ],
            "engine": "mysql",
            "flavor": "db1-4",
            "id": "b9eb2a17-4e2e-40f4-91a6-81490048a3d7",
            "kafka_rest_api": false,
            "maintenance_time": "06:55:19",
            "network_type": "public",
            "nodes": [
              {
                "network_id": "",
                "region": "GRA",
                "subnet_id": ""
              }
            ],
            "opensearch_acls_enabled": false,
            "plan": "essential",
            "service_name": "9957f50cea694f13b26cc064d04b2e95",
            "status": "READY",
            "timeouts": null,
            "version": "8"
          },
          "sensitive_attributes": [],
          "private": "eyJlMmJmYjczMC1lY2FhLTExZTYtOGY4OC0zNDM2M2JjN2M0YzAiOnsiY3JlYXRlIjoxMjAwMDAwMDAwMDAwLCJkZWxldGUiOjEyMDAwMDAwMDAwMDAsInVwZGF0ZSI6MjQwMDAwMDAwMDAwMH19"
        }
      ]
    },
    {
      "mode": "managed",
      "type": "ovh_cloud_project_database_database",
      "name": "database",
      "provider": "provider[\"registry.terraform.io/ovh/ovh\"]",
      "instances": [
        {
          "schema_version": 0,
          "attributes": {
            "cluster_id": "b9eb2a17-4e2e-40f4-91a6-81490048a3d7",
            "default": false,
            "engine": "mysql",
            "id": "5204f3a9-2465-4f0a-aff0-5b64c7f624b8",
            "name": "wordpress_data",
            "service_name": "9957f50cea694f13b26cc064d04b2e95",
            "timeouts": null
          },
          "sensitive_attributes": [],
          "private": "eyJlMmJmYjczMC1lY2FhLTExZTYtOGY4OC0zNDM2M2JjN2M0YzAiOnsiY3JlYXRlIjoxMjAwMDAwMDAwMDAwLCJkZWxldGUiOjEyMDAwMDAwMDAwMDB9fQ==",
          "dependencies": [
            "ovh_cloud_project_database.db_eductive26"
          ]
        }
      ]
    },
    {
      "mode": "managed",
      "type": "ovh_cloud_project_database_ip_restriction",
      "name": "iprestriction_gra",
      "provider": "provider[\"registry.terraform.io/ovh/ovh\"]",
      "instances": [
        {
          "index_key": 0,
          "schema_version": 0,
          "attributes": {
            "cluster_id": "b9eb2a17-4e2e-40f4-91a6-81490048a3d7",
            "description": "",
            "engine": "mysql",
            "id": "3492040392",
            "ip": "57.128.19.74/32",
            "service_name": "9957f50cea694f13b26cc064d04b2e95",
            "status": "READY",
            "timeouts": null
          },
          "sensitive_attributes": [],
          "private": "eyJlMmJmYjczMC1lY2FhLTExZTYtOGY4OC0zNDM2M2JjN2M0YzAiOnsiY3JlYXRlIjoxMjAwMDAwMDAwMDAwLCJkZWxldGUiOjEyMDAwMDAwMDAwMDAsInVwZGF0ZSI6MTIwMDAwMDAwMDAwMH19",
          "dependencies": [
            "openstack_compute_instance_v2.instance_backend_gra",
            "openstack_compute_keypair_v2.keypair_gra",
            "ovh_cloud_project_database.db_eductive26",
            "ovh_cloud_project_network_private.private_net",
            "ovh_cloud_project_network_private_subnet.subnet_gra"
          ]
        },
        {
          "index_key": 1,
          "schema_version": 0,
          "attributes": {
            "cluster_id": "b9eb2a17-4e2e-40f4-91a6-81490048a3d7",
            "description": "",
            "engine": "mysql",
            "id": "2656088854",
            "ip": "57.128.19.41/32",
            "service_name": "9957f50cea694f13b26cc064d04b2e95",
            "status": "READY",
            "timeouts": null
          },
          "sensitive_attributes": [],
          "private": "eyJlMmJmYjczMC1lY2FhLTExZTYtOGY4OC0zNDM2M2JjN2M0YzAiOnsiY3JlYXRlIjoxMjAwMDAwMDAwMDAwLCJkZWxldGUiOjEyMDAwMDAwMDAwMDAsInVwZGF0ZSI6MTIwMDAwMDAwMDAwMH19",
          "dependencies": [
            "openstack_compute_instance_v2.instance_backend_gra",
            "openstack_compute_keypair_v2.keypair_gra",
            "ovh_cloud_project_database.db_eductive26",
            "ovh_cloud_project_network_private.private_net",
            "ovh_cloud_project_network_private_subnet.subnet_gra"
          ]
        },
        {
          "index_key": 2,
          "schema_version": 0,
          "attributes": {
            "cluster_id": "b9eb2a17-4e2e-40f4-91a6-81490048a3d7",
            "description": "",
            "engine": "mysql",
            "id": "884347101",
            "ip": "57.128.18.243/32",
            "service_name": "9957f50cea694f13b26cc064d04b2e95",
            "status": "READY",
            "timeouts": null
          },
          "sensitive_attributes": [],
          "private": "eyJlMmJmYjczMC1lY2FhLTExZTYtOGY4OC0zNDM2M2JjN2M0YzAiOnsiY3JlYXRlIjoxMjAwMDAwMDAwMDAwLCJkZWxldGUiOjEyMDAwMDAwMDAwMDAsInVwZGF0ZSI6MTIwMDAwMDAwMDAwMH19",
          "dependencies": [
            "openstack_compute_instance_v2.instance_backend_gra",
            "openstack_compute_keypair_v2.keypair_gra",
            "ovh_cloud_project_database.db_eductive26",
            "ovh_cloud_project_network_private.private_net",
            "ovh_cloud_project_network_private_subnet.subnet_gra"
          ]
        }
      ]
    },
    {
      "mode": "managed",
      "type": "ovh_cloud_project_database_ip_restriction",
      "name": "iprestriction_sbg",
      "provider": "provider[\"registry.terraform.io/ovh/ovh\"]",
      "instances": [
        {
          "index_key": 0,
          "schema_version": 0,
          "attributes": {
            "cluster_id": "b9eb2a17-4e2e-40f4-91a6-81490048a3d7",
            "description": "",
            "engine": "mysql",
            "id": "806428391",
            "ip": "57.128.71.96/32",
            "service_name": "9957f50cea694f13b26cc064d04b2e95",
            "status": "READY",
            "timeouts": null
          },
          "sensitive_attributes": [],
          "private": "eyJlMmJmYjczMC1lY2FhLTExZTYtOGY4OC0zNDM2M2JjN2M0YzAiOnsiY3JlYXRlIjoxMjAwMDAwMDAwMDAwLCJkZWxldGUiOjEyMDAwMDAwMDAwMDAsInVwZGF0ZSI6MTIwMDAwMDAwMDAwMH19",
          "dependencies": [
            "openstack_compute_instance_v2.instance_backend_sbg",
            "openstack_compute_keypair_v2.keypair_sbg",
            "ovh_cloud_project_database.db_eductive26",
            "ovh_cloud_project_network_private.private_net",
            "ovh_cloud_project_network_private_subnet.subnet_sbg"
          ]
        },
        {
          "index_key": 1,
          "schema_version": 0,
          "attributes": {
            "cluster_id": "b9eb2a17-4e2e-40f4-91a6-81490048a3d7",
            "description": "",
            "engine": "mysql",
            "id": "758067007",
            "ip": "57.128.41.13/32",
            "service_name": "9957f50cea694f13b26cc064d04b2e95",
            "status": "READY",
            "timeouts": null
          },
          "sensitive_attributes": [],
          "private": "eyJlMmJmYjczMC1lY2FhLTExZTYtOGY4OC0zNDM2M2JjN2M0YzAiOnsiY3JlYXRlIjoxMjAwMDAwMDAwMDAwLCJkZWxldGUiOjEyMDAwMDAwMDAwMDAsInVwZGF0ZSI6MTIwMDAwMDAwMDAwMH19",
          "dependencies": [
            "openstack_compute_instance_v2.instance_backend_sbg",
            "openstack_compute_keypair_v2.keypair_sbg",
            "ovh_cloud_project_database.db_eductive26",
            "ovh_cloud_project_network_private.private_net",
            "ovh_cloud_project_network_private_subnet.subnet_sbg"
          ]
        },
        {
          "index_key": 2,
          "schema_version": 0,
          "attributes": {
            "cluster_id": "b9eb2a17-4e2e-40f4-91a6-81490048a3d7",
            "description": "",
            "engine": "mysql",
            "id": "3080210828",
            "ip": "51.68.81.112/32",
            "service_name": "9957f50cea694f13b26cc064d04b2e95",
            "status": "READY",
            "timeouts": null
          },
          "sensitive_attributes": [],
          "private": "eyJlMmJmYjczMC1lY2FhLTExZTYtOGY4OC0zNDM2M2JjN2M0YzAiOnsiY3JlYXRlIjoxMjAwMDAwMDAwMDAwLCJkZWxldGUiOjEyMDAwMDAwMDAwMDAsInVwZGF0ZSI6MTIwMDAwMDAwMDAwMH19",
          "dependencies": [
            "openstack_compute_instance_v2.instance_backend_sbg",
            "openstack_compute_keypair_v2.keypair_sbg",
            "ovh_cloud_project_database.db_eductive26",
            "ovh_cloud_project_network_private.private_net",
            "ovh_cloud_project_network_private_subnet.subnet_sbg"
          ]
        }
      ]
    },
    {
      "mode": "managed",
      "type": "ovh_cloud_project_database_user",
      "name": "eductive26",
      "provider": "provider[\"registry.terraform.io/ovh/ovh\"]",
      "instances": [
        {
          "schema_version": 0,
          "attributes": {
            "cluster_id": "b9eb2a17-4e2e-40f4-91a6-81490048a3d7",
            "created_at": "2023-01-12T20:30:15.040006+01:00",
            "engine": "mysql",
            "id": "15d1ac63-82f7-47ea-b437-06ec68203be3",
            "name": "eductive26",
            "password": "AVNS_0CxTVIif0aMUWpe7aif",
            "password_reset": null,
            "service_name": "9957f50cea694f13b26cc064d04b2e95",
            "status": "READY",
            "timeouts": null
          },
          "sensitive_attributes": [],
          "private": "eyJlMmJmYjczMC1lY2FhLTExZTYtOGY4OC0zNDM2M2JjN2M0YzAiOnsiY3JlYXRlIjoxMjAwMDAwMDAwMDAwLCJkZWxldGUiOjEyMDAwMDAwMDAwMDAsInVwZGF0ZSI6MTIwMDAwMDAwMDAwMH19",
          "dependencies": [
            "ovh_cloud_project_database.db_eductive26"
          ]
        }
      ]
    },
    {
      "mode": "managed",
      "type": "ovh_cloud_project_network_private",
      "name": "private_net",
      "provider": "provider[\"registry.terraform.io/ovh/ovh\"].ovh",
      "instances": [
        {
          "schema_version": 0,
          "attributes": {
            "id": "pn-1089024_26",
            "name": "private_network_eductive26",
            "regions": [
              "GRA11",
              "SBG5"
            ],
            "regions_attributes": [
              {
                "openstackid": "37898f6b-9ce5-426b-b3ba-27d33a76ceff",
                "region": "SBG5",
                "status": "ACTIVE"
              },
              {
                "openstackid": "64b8f83d-0d5b-431a-9e97-c519da23a64f",
                "region": "GRA11",
                "status": "ACTIVE"
              }
            ],
            "regions_status": [
              {
                "region": "SBG5",
                "status": "ACTIVE"
              }
            ],
            "service_name": "9957f50cea694f13b26cc064d04b2e95",
            "status": "ACTIVE",
            "type": "private",
            "vlan_id": 26
          },
          "sensitive_attributes": [],
          "private": "bnVsbA=="
        }
      ]
    },
    {
      "mode": "managed",
      "type": "ovh_cloud_project_network_private_subnet",
      "name": "subnet_gra",
      "provider": "provider[\"registry.terraform.io/ovh/ovh\"].ovh",
      "instances": [
        {
          "schema_version": 0,
          "attributes": {
            "cidr": "192.168.26.0/24",
            "dhcp": false,
            "end": "192.168.26.200",
            "gateway_ip": "",
            "id": "b098bcee-d20d-4f74-a1af-654467894a9f",
            "ip_pools": [
              {
                "dhcp": false,
                "end": "192.168.26.200",
                "network": "192.168.26.0/24",
                "region": "GRA11",
                "start": "192.168.26.100"
              }
            ],
            "network": "192.168.26.0/24",
            "network_id": "pn-1089024_26",
            "no_gateway": true,
            "region": "GRA11",
            "service_name": "9957f50cea694f13b26cc064d04b2e95",
            "start": "192.168.26.100"
          },
          "sensitive_attributes": [],
          "private": "bnVsbA==",
          "dependencies": [
            "ovh_cloud_project_network_private.private_net"
          ]
        }
      ]
    },
    {
      "mode": "managed",
      "type": "ovh_cloud_project_network_private_subnet",
      "name": "subnet_sbg",
      "provider": "provider[\"registry.terraform.io/ovh/ovh\"].ovh",
      "instances": [
        {
          "schema_version": 0,
          "attributes": {
            "cidr": "192.168.26.0/24",
            "dhcp": false,
            "end": "192.168.26.200",
            "gateway_ip": "",
            "id": "10e2e8af-4038-4067-a2f3-81a44b1c132d",
            "ip_pools": [
              {
                "dhcp": false,
                "end": "192.168.26.200",
                "network": "192.168.26.0/24",
                "region": "SBG5",
                "start": "192.168.26.100"
              }
            ],
            "network": "192.168.26.0/24",
            "network_id": "pn-1089024_26",
            "no_gateway": true,
            "region": "SBG5",
            "service_name": "9957f50cea694f13b26cc064d04b2e95",
            "start": "192.168.26.100"
          },
          "sensitive_attributes": [],
          "private": "bnVsbA==",
          "dependencies": [
            "ovh_cloud_project_network_private.private_net"
          ]
        }
      ]
    }
  ],
  "check_results": []
}
